// !$*UTF8*$!
{
	archiveVersion = 1;
	classes = {
	};
	objectVersion = 77;
	objects = {

/* Begin PBXBuildFile section */
		E61B93982EF910AC0006676A /* ShareExtension.appex in Embed Foundation Extensions */ = {isa = PBXBuildFile; fileRef = E61B938E2EF910AC0006676A /* ShareExtension.appex */; settings = {ATTRIBUTES = (RemoveHeadersOnCopy, ); }; };
		E64CC03F2E3DC78600692D28 /* MarkdownUI in Frameworks */ = {isa = PBXBuildFile; productRef = E64CC03E2E3DC78600692D28 /* MarkdownUI */; };
/* End PBXBuildFile section */

/* Begin PBXContainerItemProxy section */
		E61B93962EF910AC0006676A /* PBXContainerItemProxy */ = {
			isa = PBXContainerItemProxy;
			containerPortal = E6CB70012E1DBAD7001AB7F2 /* Project object */;
			proxyType = 1;
			remoteGlobalIDString = E61B938D2EF910AC0006676A;
			remoteInfo = ShareExtension;
		};
		E6CB70172E1DBAD9001AB7F2 /* PBXContainerItemProxy */ = {
			isa = PBXContainerItemProxy;
			containerPortal = E6CB70012E1DBAD7001AB7F2 /* Project object */;
			proxyType = 1;
			remoteGlobalIDString = E6CB70082E1DBAD7001AB7F2;
			remoteInfo = newsly;
		};
		E6CB70212E1DBAD9001AB7F2 /* PBXContainerItemProxy */ = {
			isa = PBXContainerItemProxy;
			containerPortal = E6CB70012E1DBAD7001AB7F2 /* Project object */;
			proxyType = 1;
			remoteGlobalIDString = E6CB70082E1DBAD7001AB7F2;
			remoteInfo = newsly;
		};
/* End PBXContainerItemProxy section */

/* Begin PBXCopyFilesBuildPhase section */
		E61B939D2EF910AC0006676A /* Embed Foundation Extensions */ = {
			isa = PBXCopyFilesBuildPhase;
			buildActionMask = 2147483647;
			dstPath = "";
			dstSubfolderSpec = 13;
			files = (
				E61B93982EF910AC0006676A /* ShareExtension.appex in Embed Foundation Extensions */,
			);
			name = "Embed Foundation Extensions";
			runOnlyForDeploymentPostprocessing = 0;
		};
/* End PBXCopyFilesBuildPhase section */

/* Begin PBXFileReference section */
		E61B938E2EF910AC0006676A /* ShareExtension.appex */ = {isa = PBXFileReference; explicitFileType = "wrapper.app-extension"; includeInIndex = 0; path = ShareExtension.appex; sourceTree = BUILT_PRODUCTS_DIR; };
		E6CB70092E1DBAD7001AB7F2 /* newsly.app */ = {isa = PBXFileReference; explicitFileType = wrapper.application; includeInIndex = 0; path = newsly.app; sourceTree = BUILT_PRODUCTS_DIR; };
		E6CB70162E1DBAD9001AB7F2 /* newslyTests.xctest */ = {isa = PBXFileReference; explicitFileType = wrapper.cfbundle; includeInIndex = 0; path = newslyTests.xctest; sourceTree = BUILT_PRODUCTS_DIR; };
		E6CB70202E1DBAD9001AB7F2 /* newslyUITests.xctest */ = {isa = PBXFileReference; explicitFileType = wrapper.cfbundle; includeInIndex = 0; path = newslyUITests.xctest; sourceTree = BUILT_PRODUCTS_DIR; };
/* End PBXFileReference section */

/* Begin PBXFileSystemSynchronizedBuildFileExceptionSet section */
		E61B939C2EF910AC0006676A /* Exceptions for "ShareExtension" folder in "ShareExtension" target */ = {
			isa = PBXFileSystemSynchronizedBuildFileExceptionSet;
			membershipExceptions = (
				Info.plist,
			);
			target = E61B938D2EF910AC0006676A /* ShareExtension */;
		};
		E637D39E2EF99E2B004CD1F1 /* Exceptions for "newsly" folder in "ShareExtension" target */ = {
			isa = PBXFileSystemSynchronizedBuildFileExceptionSet;
			membershipExceptions = (
				Services/AppSettings.swift,
				Services/KeychainManager.swift,
				Shared/SharedContainer.swift,
			);
			target = E61B938D2EF910AC0006676A /* ShareExtension */;
		};
		E64CC0352E1F5DFA00692D28 /* Exceptions for "newsly" folder in "newsly" target */ = {
			isa = PBXFileSystemSynchronizedBuildFileExceptionSet;
			membershipExceptions = (
				Info.plist,
				Info.plist.backup,
			);
			target = E6CB70082E1DBAD7001AB7F2 /* newsly */;
		};
/* End PBXFileSystemSynchronizedBuildFileExceptionSet section */

/* Begin PBXFileSystemSynchronizedRootGroup section */
		E61B938F2EF910AC0006676A /* ShareExtension */ = {
			isa = PBXFileSystemSynchronizedRootGroup;
			exceptions = (
				E61B939C2EF910AC0006676A /* Exceptions for "ShareExtension" folder in "ShareExtension" target */,
			);
			path = ShareExtension;
			sourceTree = "<group>";
		};
		E6CB700B2E1DBAD7001AB7F2 /* newsly */ = {
			isa = PBXFileSystemSynchronizedRootGroup;
			exceptions = (
				E64CC0352E1F5DFA00692D28 /* Exceptions for "newsly" folder in "newsly" target */,
				E637D39E2EF99E2B004CD1F1 /* Exceptions for "newsly" folder in "ShareExtension" target */,
			);
			path = newsly;
			sourceTree = "<group>";
		};
		E6CB70192E1DBAD9001AB7F2 /* newslyTests */ = {
			isa = PBXFileSystemSynchronizedRootGroup;
			path = newslyTests;
			sourceTree = "<group>";
		};
		E6CB70232E1DBAD9001AB7F2 /* newslyUITests */ = {
			isa = PBXFileSystemSynchronizedRootGroup;
			path = newslyUITests;
			sourceTree = "<group>";
		};
/* End PBXFileSystemSynchronizedRootGroup section */

/* Begin PBXFrameworksBuildPhase section */
		E61B938B2EF910AC0006676A /* Frameworks */ = {
			isa = PBXFrameworksBuildPhase;
			buildActionMask = 2147483647;
			files = (
			);
			runOnlyForDeploymentPostprocessing = 0;
		};
		E6CB70062E1DBAD7001AB7F2 /* Frameworks */ = {
			isa = PBXFrameworksBuildPhase;
			buildActionMask = 2147483647;
			files = (
				E64CC03F2E3DC78600692D28 /* MarkdownUI in Frameworks */,
			);
			runOnlyForDeploymentPostprocessing = 0;
		};
		E6CB70132E1DBAD9001AB7F2 /* Frameworks */ = {
			isa = PBXFrameworksBuildPhase;
			buildActionMask = 2147483647;
			files = (
			);
			runOnlyForDeploymentPostprocessing = 0;
		};
		E6CB701D2E1DBAD9001AB7F2 /* Frameworks */ = {
			isa = PBXFrameworksBuildPhase;
			buildActionMask = 2147483647;
			files = (
			);
			runOnlyForDeploymentPostprocessing = 0;
		};
/* End PBXFrameworksBuildPhase section */

/* Begin PBXGroup section */
		E64CC03D2E3DC78600692D28 /* Frameworks */ = {
			isa = PBXGroup;
			children = (
			);
			name = Frameworks;
			sourceTree = "<group>";
		};
		E6CB70002E1DBAD7001AB7F2 = {
			isa = PBXGroup;
			children = (
				E6CB700B2E1DBAD7001AB7F2 /* newsly */,
				E6CB70192E1DBAD9001AB7F2 /* newslyTests */,
				E6CB70232E1DBAD9001AB7F2 /* newslyUITests */,
				E61B938F2EF910AC0006676A /* ShareExtension */,
				E64CC03D2E3DC78600692D28 /* Frameworks */,
				E6CB700A2E1DBAD7001AB7F2 /* Products */,
			);
			sourceTree = "<group>";
		};
		E6CB700A2E1DBAD7001AB7F2 /* Products */ = {
			isa = PBXGroup;
			children = (
				E6CB70092E1DBAD7001AB7F2 /* newsly.app */,
				E6CB70162E1DBAD9001AB7F2 /* newslyTests.xctest */,
				E6CB70202E1DBAD9001AB7F2 /* newslyUITests.xctest */,
				E61B938E2EF910AC0006676A /* ShareExtension.appex */,
			);
			name = Products;
			sourceTree = "<group>";
		};
/* End PBXGroup section */

/* Begin PBXNativeTarget section */
		E61B938D2EF910AC0006676A /* ShareExtension */ = {
			isa = PBXNativeTarget;
			buildConfigurationList = E61B93992EF910AC0006676A /* Build configuration list for PBXNativeTarget "ShareExtension" */;
			buildPhases = (
				E61B938A2EF910AC0006676A /* Sources */,
				E61B938B2EF910AC0006676A /* Frameworks */,
				E61B938C2EF910AC0006676A /* Resources */,
			);
			buildRules = (
			);
			dependencies = (
			);
			fileSystemSynchronizedGroups = (
				E61B938F2EF910AC0006676A /* ShareExtension */,
			);
			name = ShareExtension;
			packageProductDependencies = (
			);
			productName = ShareExtension;
			productReference = E61B938E2EF910AC0006676A /* ShareExtension.appex */;
			productType = "com.apple.product-type.app-extension";
		};
		E6CB70082E1DBAD7001AB7F2 /* newsly */ = {
			isa = PBXNativeTarget;
			buildConfigurationList = E6CB702A2E1DBAD9001AB7F2 /* Build configuration list for PBXNativeTarget "newsly" */;
			buildPhases = (
				E6CB70052E1DBAD7001AB7F2 /* Sources */,
				E6CB70062E1DBAD7001AB7F2 /* Frameworks */,
				E6CB70072E1DBAD7001AB7F2 /* Resources */,
				E61B939D2EF910AC0006676A /* Embed Foundation Extensions */,
			);
			buildRules = (
			);
			dependencies = (
				E61B93972EF910AC0006676A /* PBXTargetDependency */,
			);
			fileSystemSynchronizedGroups = (
				E6CB700B2E1DBAD7001AB7F2 /* newsly */,
			);
			name = newsly;
			productName = newsly;
			productReference = E6CB70092E1DBAD7001AB7F2 /* newsly.app */;
			productType = "com.apple.product-type.application";
		};
		E6CB70152E1DBAD9001AB7F2 /* newslyTests */ = {
			isa = PBXNativeTarget;
			buildConfigurationList = E6CB702D2E1DBAD9001AB7F2 /* Build configuration list for PBXNativeTarget "newslyTests" */;
			buildPhases = (
				E6CB70122E1DBAD9001AB7F2 /* Sources */,
				E6CB70132E1DBAD9001AB7F2 /* Frameworks */,
				E6CB70142E1DBAD9001AB7F2 /* Resources */,
			);
			buildRules = (
			);
			dependencies = (
				E6CB70182E1DBAD9001AB7F2 /* PBXTargetDependency */,
			);
			fileSystemSynchronizedGroups = (
				E6CB70192E1DBAD9001AB7F2 /* newslyTests */,
			);
			name = newslyTests;
			productName = newslyTests;
			productReference = E6CB70162E1DBAD9001AB7F2 /* newslyTests.xctest */;
			productType = "com.apple.product-type.bundle.unit-test";
		};
		E6CB701F2E1DBAD9001AB7F2 /* newslyUITests */ = {
			isa = PBXNativeTarget;
			buildConfigurationList = E6CB70302E1DBAD9001AB7F2 /* Build configuration list for PBXNativeTarget "newslyUITests" */;
			buildPhases = (
				E6CB701C2E1DBAD9001AB7F2 /* Sources */,
				E6CB701D2E1DBAD9001AB7F2 /* Frameworks */,
				E6CB701E2E1DBAD9001AB7F2 /* Resources */,
			);
			buildRules = (
			);
			dependencies = (
				E6CB70222E1DBAD9001AB7F2 /* PBXTargetDependency */,
			);
			fileSystemSynchronizedGroups = (
				E6CB70232E1DBAD9001AB7F2 /* newslyUITests */,
			);
			name = newslyUITests;
			productName = newslyUITests;
			productReference = E6CB70202E1DBAD9001AB7F2 /* newslyUITests.xctest */;
			productType = "com.apple.product-type.bundle.ui-testing";
		};
/* End PBXNativeTarget section */

/* Begin PBXProject section */
		E6CB70012E1DBAD7001AB7F2 /* Project object */ = {
			isa = PBXProject;
			attributes = {
				BuildIndependentTargetsInParallel = 1;
				LastSwiftUpdateCheck = 2610;
				LastUpgradeCheck = 2610;
				TargetAttributes = {
					E61B938D2EF910AC0006676A = {
						CreatedOnToolsVersion = 26.1.1;
					};
					E6CB70082E1DBAD7001AB7F2 = {
						CreatedOnToolsVersion = 16.4;
					};
					E6CB70152E1DBAD9001AB7F2 = {
						CreatedOnToolsVersion = 16.4;
						TestTargetID = E6CB70082E1DBAD7001AB7F2;
					};
					E6CB701F2E1DBAD9001AB7F2 = {
						CreatedOnToolsVersion = 16.4;
						TestTargetID = E6CB70082E1DBAD7001AB7F2;
					};
				};
			};
			buildConfigurationList = E6CB70042E1DBAD7001AB7F2 /* Build configuration list for PBXProject "newsly" */;
			developmentRegion = en;
			hasScannedForEncodings = 0;
			knownRegions = (
				en,
				Base,
			);
			mainGroup = E6CB70002E1DBAD7001AB7F2;
			minimizedProjectReferenceProxies = 1;
			packageReferences = (
				E64CC03A2E3DC63100692D28 /* XCRemoteSwiftPackageReference "swift-markdown-ui" */,
			);
			preferredProjectObjectVersion = 77;
			productRefGroup = E6CB700A2E1DBAD7001AB7F2 /* Products */;
			projectDirPath = "";
			projectRoot = "";
			targets = (
				E6CB70082E1DBAD7001AB7F2 /* newsly */,
				E6CB70152E1DBAD9001AB7F2 /* newslyTests */,
				E6CB701F2E1DBAD9001AB7F2 /* newslyUITests */,
				E61B938D2EF910AC0006676A /* ShareExtension */,
			);
		};
/* End PBXProject section */

/* Begin PBXResourcesBuildPhase section */
		E61B938C2EF910AC0006676A /* Resources */ = {
			isa = PBXResourcesBuildPhase;
			buildActionMask = 2147483647;
			files = (
			);
			runOnlyForDeploymentPostprocessing = 0;
		};
		E6CB70072E1DBAD7001AB7F2 /* Resources */ = {
			isa = PBXResourcesBuildPhase;
			buildActionMask = 2147483647;
			files = (
			);
			runOnlyForDeploymentPostprocessing = 0;
		};
		E6CB70142E1DBAD9001AB7F2 /* Resources */ = {
			isa = PBXResourcesBuildPhase;
			buildActionMask = 2147483647;
			files = (
			);
			runOnlyForDeploymentPostprocessing = 0;
		};
		E6CB701E2E1DBAD9001AB7F2 /* Resources */ = {
			isa = PBXResourcesBuildPhase;
			buildActionMask = 2147483647;
			files = (
			);
			runOnlyForDeploymentPostprocessing = 0;
		};
/* End PBXResourcesBuildPhase section */

/* Begin PBXSourcesBuildPhase section */
		E61B938A2EF910AC0006676A /* Sources */ = {
			isa = PBXSourcesBuildPhase;
			buildActionMask = 2147483647;
			files = (
			);
			runOnlyForDeploymentPostprocessing = 0;
		};
		E6CB70052E1DBAD7001AB7F2 /* Sources */ = {
			isa = PBXSourcesBuildPhase;
			buildActionMask = 2147483647;
			files = (
			);
			runOnlyForDeploymentPostprocessing = 0;
		};
		E6CB70122E1DBAD9001AB7F2 /* Sources */ = {
			isa = PBXSourcesBuildPhase;
			buildActionMask = 2147483647;
			files = (
			);
			runOnlyForDeploymentPostprocessing = 0;
		};
		E6CB701C2E1DBAD9001AB7F2 /* Sources */ = {
			isa = PBXSourcesBuildPhase;
			buildActionMask = 2147483647;
			files = (
			);
			runOnlyForDeploymentPostprocessing = 0;
		};
/* End PBXSourcesBuildPhase section */

/* Begin PBXTargetDependency section */
		E61B93972EF910AC0006676A /* PBXTargetDependency */ = {
			isa = PBXTargetDependency;
			target = E61B938D2EF910AC0006676A /* ShareExtension */;
			targetProxy = E61B93962EF910AC0006676A /* PBXContainerItemProxy */;
		};
		E6CB70182E1DBAD9001AB7F2 /* PBXTargetDependency */ = {
			isa = PBXTargetDependency;
			target = E6CB70082E1DBAD7001AB7F2 /* newsly */;
			targetProxy = E6CB70172E1DBAD9001AB7F2 /* PBXContainerItemProxy */;
		};
		E6CB70222E1DBAD9001AB7F2 /* PBXTargetDependency */ = {
			isa = PBXTargetDependency;
			target = E6CB70082E1DBAD7001AB7F2 /* newsly */;
			targetProxy = E6CB70212E1DBAD9001AB7F2 /* PBXContainerItemProxy */;
		};
/* End PBXTargetDependency section */

/* Begin XCBuildConfiguration section */
		E61B939A2EF910AC0006676A /* Debug */ = {
			isa = XCBuildConfiguration;
			buildSettings = {
				CODE_SIGN_ENTITLEMENTS = ShareExtension/ShareExtension.entitlements;
				CODE_SIGN_IDENTITY = "Apple Development";
				CODE_SIGN_STYLE = Automatic;
				CURRENT_PROJECT_VERSION = 1;
				DEVELOPMENT_TEAM = VP6398XD9K;
				GENERATE_INFOPLIST_FILE = YES;
				INFOPLIST_FILE = ShareExtension/Info.plist;
				INFOPLIST_KEY_CFBundleDisplayName = ShareExtension;
				INFOPLIST_KEY_NSHumanReadableCopyright = "";
				IPHONEOS_DEPLOYMENT_TARGET = 26.1;
				LD_RUNPATH_SEARCH_PATHS = (
					"$(inherited)",
					"@executable_path/Frameworks",
					"@executable_path/../../Frameworks",
				);
				MARKETING_VERSION = 1.0;
				PRODUCT_BUNDLE_IDENTIFIER = org.willemaw.newsly.ShareExtension;
				PRODUCT_NAME = "$(TARGET_NAME)";
				SKIP_INSTALL = YES;
				STRING_CATALOG_GENERATE_SYMBOLS = YES;
				SWIFT_APPROACHABLE_CONCURRENCY = YES;
				SWIFT_EMIT_LOC_STRINGS = YES;
				SWIFT_UPCOMING_FEATURE_MEMBER_IMPORT_VISIBILITY = YES;
				SWIFT_VERSION = 5.0;
				TARGETED_DEVICE_FAMILY = "1,2";
			};
			name = Debug;
		};
		E61B939B2EF910AC0006676A /* Release */ = {
			isa = XCBuildConfiguration;
			buildSettings = {
				CODE_SIGN_ENTITLEMENTS = ShareExtension/ShareExtension.entitlements;
				CODE_SIGN_IDENTITY = "Apple Development";
				CODE_SIGN_STYLE = Automatic;
				CURRENT_PROJECT_VERSION = 1;
				DEVELOPMENT_TEAM = VP6398XD9K;
				GENERATE_INFOPLIST_FILE = YES;
				INFOPLIST_FILE = ShareExtension/Info.plist;
				INFOPLIST_KEY_CFBundleDisplayName = ShareExtension;
				INFOPLIST_KEY_NSHumanReadableCopyright = "";
				IPHONEOS_DEPLOYMENT_TARGET = 26.1;
				LD_RUNPATH_SEARCH_PATHS = (
					"$(inherited)",
					"@executable_path/Frameworks",
					"@executable_path/../../Frameworks",
				);
				MARKETING_VERSION = 1.0;
				PRODUCT_BUNDLE_IDENTIFIER = org.willemaw.newsly.ShareExtension;
				PRODUCT_NAME = "$(TARGET_NAME)";
				SKIP_INSTALL = YES;
				STRING_CATALOG_GENERATE_SYMBOLS = YES;
				SWIFT_APPROACHABLE_CONCURRENCY = YES;
				SWIFT_EMIT_LOC_STRINGS = YES;
				SWIFT_UPCOMING_FEATURE_MEMBER_IMPORT_VISIBILITY = YES;
				SWIFT_VERSION = 5.0;
				TARGETED_DEVICE_FAMILY = "1,2";
			};
			name = Release;
		};
		E6CB70282E1DBAD9001AB7F2 /* Debug */ = {
			isa = XCBuildConfiguration;
			buildSettings = {
				ALWAYS_SEARCH_USER_PATHS = NO;
				ASSETCATALOG_COMPILER_GENERATE_SWIFT_ASSET_SYMBOL_EXTENSIONS = YES;
				CLANG_ANALYZER_NONNULL = YES;
				CLANG_ANALYZER_NUMBER_OBJECT_CONVERSION = YES_AGGRESSIVE;
				CLANG_CXX_LANGUAGE_STANDARD = "gnu++20";
				CLANG_ENABLE_MODULES = YES;
				CLANG_ENABLE_OBJC_ARC = YES;
				CLANG_ENABLE_OBJC_WEAK = YES;
				CLANG_WARN_BLOCK_CAPTURE_AUTORELEASING = YES;
				CLANG_WARN_BOOL_CONVERSION = YES;
				CLANG_WARN_COMMA = YES;
				CLANG_WARN_CONSTANT_CONVERSION = YES;
				CLANG_WARN_DEPRECATED_OBJC_IMPLEMENTATIONS = YES;
				CLANG_WARN_DIRECT_OBJC_ISA_USAGE = YES_ERROR;
				CLANG_WARN_DOCUMENTATION_COMMENTS = YES;
				CLANG_WARN_EMPTY_BODY = YES;
				CLANG_WARN_ENUM_CONVERSION = YES;
				CLANG_WARN_INFINITE_RECURSION = YES;
				CLANG_WARN_INT_CONVERSION = YES;
				CLANG_WARN_NON_LITERAL_NULL_CONVERSION = YES;
				CLANG_WARN_OBJC_IMPLICIT_RETAIN_SELF = YES;
				CLANG_WARN_OBJC_LITERAL_CONVERSION = YES;
				CLANG_WARN_OBJC_ROOT_CLASS = YES_ERROR;
				CLANG_WARN_QUOTED_INCLUDE_IN_FRAMEWORK_HEADER = YES;
				CLANG_WARN_RANGE_LOOP_ANALYSIS = YES;
				CLANG_WARN_STRICT_PROTOTYPES = YES;
				CLANG_WARN_SUSPICIOUS_MOVE = YES;
				CLANG_WARN_UNGUARDED_AVAILABILITY = YES_AGGRESSIVE;
				CLANG_WARN_UNREACHABLE_CODE = YES;
				CLANG_WARN__DUPLICATE_METHOD_MATCH = YES;
				COPY_PHASE_STRIP = NO;
				DEBUG_INFORMATION_FORMAT = dwarf;
				ENABLE_STRICT_OBJC_MSGSEND = YES;
				ENABLE_TESTABILITY = YES;
				ENABLE_USER_SCRIPT_SANDBOXING = YES;
				GCC_C_LANGUAGE_STANDARD = gnu17;
				GCC_DYNAMIC_NO_PIC = NO;
				GCC_NO_COMMON_BLOCKS = YES;
				GCC_OPTIMIZATION_LEVEL = 0;
				GCC_PREPROCESSOR_DEFINITIONS = (
					"DEBUG=1",
					"$(inherited)",
				);
				GCC_WARN_64_TO_32_BIT_CONVERSION = YES;
				GCC_WARN_ABOUT_RETURN_TYPE = YES_ERROR;
				GCC_WARN_UNDECLARED_SELECTOR = YES;
				GCC_WARN_UNINITIALIZED_AUTOS = YES_AGGRESSIVE;
				GCC_WARN_UNUSED_FUNCTION = YES;
				GCC_WARN_UNUSED_VARIABLE = YES;
				IPHONEOS_DEPLOYMENT_TARGET = 18.5;
				LOCALIZATION_PREFERS_STRING_CATALOGS = YES;
				MTL_ENABLE_DEBUG_INFO = INCLUDE_SOURCE;
				MTL_FAST_MATH = YES;
				ONLY_ACTIVE_ARCH = YES;
				SDKROOT = iphoneos;
				STRING_CATALOG_GENERATE_SYMBOLS = YES;
				SWIFT_ACTIVE_COMPILATION_CONDITIONS = "DEBUG $(inherited)";
				SWIFT_OPTIMIZATION_LEVEL = "-Onone";
			};
			name = Debug;
		};
		E6CB70292E1DBAD9001AB7F2 /* Release */ = {
			isa = XCBuildConfiguration;
			buildSettings = {
				ALWAYS_SEARCH_USER_PATHS = NO;
				ASSETCATALOG_COMPILER_GENERATE_SWIFT_ASSET_SYMBOL_EXTENSIONS = YES;
				CLANG_ANALYZER_NONNULL = YES;
				CLANG_ANALYZER_NUMBER_OBJECT_CONVERSION = YES_AGGRESSIVE;
				CLANG_CXX_LANGUAGE_STANDARD = "gnu++20";
				CLANG_ENABLE_MODULES = YES;
				CLANG_ENABLE_OBJC_ARC = YES;
				CLANG_ENABLE_OBJC_WEAK = YES;
				CLANG_WARN_BLOCK_CAPTURE_AUTORELEASING = YES;
				CLANG_WARN_BOOL_CONVERSION = YES;
				CLANG_WARN_COMMA = YES;
				CLANG_WARN_CONSTANT_CONVERSION = YES;
				CLANG_WARN_DEPRECATED_OBJC_IMPLEMENTATIONS = YES;
				CLANG_WARN_DIRECT_OBJC_ISA_USAGE = YES_ERROR;
				CLANG_WARN_DOCUMENTATION_COMMENTS = YES;
				CLANG_WARN_EMPTY_BODY = YES;
				CLANG_WARN_ENUM_CONVERSION = YES;
				CLANG_WARN_INFINITE_RECURSION = YES;
				CLANG_WARN_INT_CONVERSION = YES;
				CLANG_WARN_NON_LITERAL_NULL_CONVERSION = YES;
				CLANG_WARN_OBJC_IMPLICIT_RETAIN_SELF = YES;
				CLANG_WARN_OBJC_LITERAL_CONVERSION = YES;
				CLANG_WARN_OBJC_ROOT_CLASS = YES_ERROR;
				CLANG_WARN_QUOTED_INCLUDE_IN_FRAMEWORK_HEADER = YES;
				CLANG_WARN_RANGE_LOOP_ANALYSIS = YES;
				CLANG_WARN_STRICT_PROTOTYPES = YES;
				CLANG_WARN_SUSPICIOUS_MOVE = YES;
				CLANG_WARN_UNGUARDED_AVAILABILITY = YES_AGGRESSIVE;
				CLANG_WARN_UNREACHABLE_CODE = YES;
				CLANG_WARN__DUPLICATE_METHOD_MATCH = YES;
				COPY_PHASE_STRIP = NO;
				DEBUG_INFORMATION_FORMAT = "dwarf-with-dsym";
				ENABLE_NS_ASSERTIONS = NO;
				ENABLE_STRICT_OBJC_MSGSEND = YES;
				ENABLE_USER_SCRIPT_SANDBOXING = YES;
				GCC_C_LANGUAGE_STANDARD = gnu17;
				GCC_NO_COMMON_BLOCKS = YES;
				GCC_WARN_64_TO_32_BIT_CONVERSION = YES;
				GCC_WARN_ABOUT_RETURN_TYPE = YES_ERROR;
				GCC_WARN_UNDECLARED_SELECTOR = YES;
				GCC_WARN_UNINITIALIZED_AUTOS = YES_AGGRESSIVE;
				GCC_WARN_UNUSED_FUNCTION = YES;
				GCC_WARN_UNUSED_VARIABLE = YES;
				IPHONEOS_DEPLOYMENT_TARGET = 18.5;
				LOCALIZATION_PREFERS_STRING_CATALOGS = YES;
				MTL_ENABLE_DEBUG_INFO = NO;
				MTL_FAST_MATH = YES;
				SDKROOT = iphoneos;
				STRING_CATALOG_GENERATE_SYMBOLS = YES;
				SWIFT_COMPILATION_MODE = wholemodule;
				VALIDATE_PRODUCT = YES;
			};
			name = Release;
		};
		E6CB702B2E1DBAD9001AB7F2 /* Debug */ = {
			isa = XCBuildConfiguration;
			buildSettings = {
				ASSETCATALOG_COMPILER_APPICON_NAME = AppIcon;
				ASSETCATALOG_COMPILER_GLOBAL_ACCENT_COLOR_NAME = AccentColor;
				ASSETCATALOG_COMPILER_INCLUDE_ALL_APPICON_ASSETS = YES;
				CODE_SIGN_ENTITLEMENTS = newsly/newsly.entitlements;
				CODE_SIGN_IDENTITY = "Apple Development";
				CODE_SIGN_STYLE = Automatic;
				CURRENT_PROJECT_VERSION = 1;
				DEVELOPMENT_TEAM = VP6398XD9K;
				ENABLE_PREVIEWS = YES;
				GENERATE_INFOPLIST_FILE = NO;
				INFOPLIST_FILE = newsly/Info.plist;
				INFOPLIST_KEY_CFBundleDisplayName = willemnews;
				INFOPLIST_KEY_LSApplicationCategoryType = "public.app-category.news";
				LD_RUNPATH_SEARCH_PATHS = (
					"$(inherited)",
					"@executable_path/Frameworks",
				);
				MARKETING_VERSION = 1.0;
				PRODUCT_BUNDLE_IDENTIFIER = org.willemaw.newsly;
				PRODUCT_NAME = "$(TARGET_NAME)";
				PROVISIONING_PROFILE_SPECIFIER = "";
				SWIFT_EMIT_LOC_STRINGS = YES;
				SWIFT_VERSION = 5.0;
				TARGETED_DEVICE_FAMILY = "1,2";
			};
			name = Debug;
		};
		E6CB702C2E1DBAD9001AB7F2 /* Release */ = {
			isa = XCBuildConfiguration;
			buildSettings = {
				ASSETCATALOG_COMPILER_APPICON_NAME = AppIcon;
				ASSETCATALOG_COMPILER_GLOBAL_ACCENT_COLOR_NAME = AccentColor;
				ASSETCATALOG_COMPILER_INCLUDE_ALL_APPICON_ASSETS = YES;
				CODE_SIGN_ENTITLEMENTS = newsly/newsly.entitlements;
				CODE_SIGN_IDENTITY = "Apple Development";
				CODE_SIGN_STYLE = Automatic;
				CURRENT_PROJECT_VERSION = 1;
				DEVELOPMENT_TEAM = VP6398XD9K;
				ENABLE_PREVIEWS = YES;
				GENERATE_INFOPLIST_FILE = NO;
				INFOPLIST_FILE = newsly/Info.plist;
				INFOPLIST_KEY_CFBundleDisplayName = willemnews;
				INFOPLIST_KEY_LSApplicationCategoryType = "public.app-category.news";
				LD_RUNPATH_SEARCH_PATHS = (
					"$(inherited)",
					"@executable_path/Frameworks",
				);
				MARKETING_VERSION = 1.0;
				PRODUCT_BUNDLE_IDENTIFIER = org.willemaw.newsly;
				PRODUCT_NAME = "$(TARGET_NAME)";
				PROVISIONING_PROFILE_SPECIFIER = "";
				SWIFT_EMIT_LOC_STRINGS = YES;
				SWIFT_VERSION = 5.0;
				TARGETED_DEVICE_FAMILY = "1,2";
			};
			name = Release;
		};
		E6CB702E2E1DBAD9001AB7F2 /* Debug */ = {
			isa = XCBuildConfiguration;
			buildSettings = {
				BUNDLE_LOADER = "$(TEST_HOST)";
				CODE_SIGN_STYLE = Automatic;
				CURRENT_PROJECT_VERSION = 1;
				GENERATE_INFOPLIST_FILE = YES;
				IPHONEOS_DEPLOYMENT_TARGET = 18.5;
				MARKETING_VERSION = 1.0;
				PRODUCT_BUNDLE_IDENTIFIER = org.willemaw.newslyTests;
				PRODUCT_NAME = "$(TARGET_NAME)";
				SWIFT_EMIT_LOC_STRINGS = NO;
				SWIFT_VERSION = 5.0;
				TARGETED_DEVICE_FAMILY = "1,2";
				TEST_HOST = "$(BUILT_PRODUCTS_DIR)/newsly.app/$(BUNDLE_EXECUTABLE_FOLDER_PATH)/newsly";
			};
			name = Debug;
		};
		E6CB702F2E1DBAD9001AB7F2 /* Release */ = {
			isa = XCBuildConfiguration;
			buildSettings = {
				BUNDLE_LOADER = "$(TEST_HOST)";
				CODE_SIGN_STYLE = Automatic;
				CURRENT_PROJECT_VERSION = 1;
				GENERATE_INFOPLIST_FILE = YES;
				IPHONEOS_DEPLOYMENT_TARGET = 18.5;
				MARKETING_VERSION = 1.0;
				PRODUCT_BUNDLE_IDENTIFIER = org.willemaw.newslyTests;
				PRODUCT_NAME = "$(TARGET_NAME)";
				SWIFT_EMIT_LOC_STRINGS = NO;
				SWIFT_VERSION = 5.0;
				TARGETED_DEVICE_FAMILY = "1,2";
				TEST_HOST = "$(BUILT_PRODUCTS_DIR)/newsly.app/$(BUNDLE_EXECUTABLE_FOLDER_PATH)/newsly";
			};
			name = Release;
		};
		E6CB70312E1DBAD9001AB7F2 /* Debug */ = {
			isa = XCBuildConfiguration;
			buildSettings = {
				CODE_SIGN_STYLE = Automatic;
				CURRENT_PROJECT_VERSION = 1;
				GENERATE_INFOPLIST_FILE = YES;
				MARKETING_VERSION = 1.0;
				PRODUCT_BUNDLE_IDENTIFIER = org.willemaw.newslyUITests;
				PRODUCT_NAME = "$(TARGET_NAME)";
				SWIFT_EMIT_LOC_STRINGS = NO;
				SWIFT_VERSION = 5.0;
				TARGETED_DEVICE_FAMILY = "1,2";
				TEST_TARGET_NAME = newsly;
			};
			name = Debug;
		};
		E6CB70322E1DBAD9001AB7F2 /* Release */ = {
			isa = XCBuildConfiguration;
			buildSettings = {
				CODE_SIGN_STYLE = Automatic;
				CURRENT_PROJECT_VERSION = 1;
				GENERATE_INFOPLIST_FILE = YES;
				MARKETING_VERSION = 1.0;
				PRODUCT_BUNDLE_IDENTIFIER = org.willemaw.newslyUITests;
				PRODUCT_NAME = "$(TARGET_NAME)";
				SWIFT_EMIT_LOC_STRINGS = NO;
				SWIFT_VERSION = 5.0;
				TARGETED_DEVICE_FAMILY = "1,2";
				TEST_TARGET_NAME = newsly;
			};
			name = Release;
		};
/* End XCBuildConfiguration section */

/* Begin XCConfigurationList section */
		E61B93992EF910AC0006676A /* Build configuration list for PBXNativeTarget "ShareExtension" */ = {
			isa = XCConfigurationList;
			buildConfigurations = (
				E61B939A2EF910AC0006676A /* Debug */,
				E61B939B2EF910AC0006676A /* Release */,
			);
			defaultConfigurationIsVisible = 0;
			defaultConfigurationName = Release;
		};
		E6CB70042E1DBAD7001AB7F2 /* Build configuration list for PBXProject "newsly" */ = {
			isa = XCConfigurationList;
			buildConfigurations = (
				E6CB70282E1DBAD9001AB7F2 /* Debug */,
				E6CB70292E1DBAD9001AB7F2 /* Release */,
			);
			defaultConfigurationIsVisible = 0;
			defaultConfigurationName = Release;
		};
		E6CB702A2E1DBAD9001AB7F2 /* Build configuration list for PBXNativeTarget "newsly" */ = {
			isa = XCConfigurationList;
			buildConfigurations = (
				E6CB702B2E1DBAD9001AB7F2 /* Debug */,
				E6CB702C2E1DBAD9001AB7F2 /* Release */,
			);
			defaultConfigurationIsVisible = 0;
			defaultConfigurationName = Release;
		};
		E6CB702D2E1DBAD9001AB7F2 /* Build configuration list for PBXNativeTarget "newslyTests" */ = {
			isa = XCConfigurationList;
			buildConfigurations = (
				E6CB702E2E1DBAD9001AB7F2 /* Debug */,
				E6CB702F2E1DBAD9001AB7F2 /* Release */,
			);
			defaultConfigurationIsVisible = 0;
			defaultConfigurationName = Release;
		};
		E6CB70302E1DBAD9001AB7F2 /* Build configuration list for PBXNativeTarget "newslyUITests" */ = {
			isa = XCConfigurationList;
			buildConfigurations = (
				E6CB70312E1DBAD9001AB7F2 /* Debug */,
				E6CB70322E1DBAD9001AB7F2 /* Release */,
			);
			defaultConfigurationIsVisible = 0;
			defaultConfigurationName = Release;
		};
/* End XCConfigurationList section */

/* Begin XCRemoteSwiftPackageReference section */
		E64CC03A2E3DC63100692D28 /* XCRemoteSwiftPackageReference "swift-markdown-ui" */ = {
			isa = XCRemoteSwiftPackageReference;
			repositoryURL = "https://github.com/gonzalezreal/swift-markdown-ui";
			requirement = {
				kind = upToNextMajorVersion;
				minimumVersion = 2.4.1;
			};
		};
/* End XCRemoteSwiftPackageReference section */

/* Begin XCSwiftPackageProductDependency section */
		E64CC03E2E3DC78600692D28 /* MarkdownUI */ = {
			isa = XCSwiftPackageProductDependency;
			package = E64CC03A2E3DC63100692D28 /* XCRemoteSwiftPackageReference "swift-markdown-ui" */;
			productName = MarkdownUI;
		};
/* End XCSwiftPackageProductDependency section */
	};
	rootObject = E6CB70012E1DBAD7001AB7F2 /* Project object */;
}
